
Microsoft Visual Studio Solution File, Format Version 12.00
# Visual Studio Version 17
VisualStudioVersion = 17.0.31903.59
MinimumVisualStudioVersion = 10.0.40219.1
Project("{FAE04EC0-301F-11D3-BF4B-00C04F79EFBC}") = "Api", "Api\Api.csproj", "{4EAA0A82-5E51-4301-9890-C869C69B851B}"
EndProject
Project("{FAE04EC0-301F-11D3-BF4B-00C04F79EFBC}") = "Tests", "Tests\Tests.csproj", "{37D7E027-269D-4E52-B529-11854CD24737}"
EndProject
Global
	GlobalSection(SolutionConfigurationPlatforms) = preSolution
		Debug|Any CPU = Debug|Any CPU
		Release|Any CPU = Release|Any CPU
	EndGlobalSection
	GlobalSection(SolutionProperties) = preSolution
		HideSolutionNode = FALSE
	EndGlobalSection
	GlobalSection(ProjectConfigurationPlatforms) = postSolution
		{4EAA0A82-5E51-4301-9890-C869C69B851B}.Debug|Any CPU.ActiveCfg = Debug|Any CPU
		{4EAA0A82-5E51-4301-9890-C869C69B851B}.Debug|Any CPU.Build.0 = Debug|Any CPU
		{4EAA0A82-5E51-4301-9890-C869C69B851B}.Release|Any CPU.ActiveCfg = Release|Any CPU
		{4EAA0A82-5E51-4301-9890-C869C69B851B}.Release|Any CPU.Build.0 = Release|Any CPU
		{37D7E027-269D-4E52-B529-11854CD24737}.Debug|Any CPU.ActiveCfg = Debug|Any CPU
		{37D7E027-269D-4E52-B529-11854CD24737}.Debug|Any CPU.Build.0 = Debug|Any CPU
		{37D7E027-269D-4E52-B529-11854CD24737}.Release|Any CPU.ActiveCfg = Release|Any CPU
		{37D7E027-269D-4E52-B529-11854CD24737}.Release|Any CPU.Build.0 = Release|Any CPU
	EndGlobalSection
EndGlobal
